
Microsoft Visual Studio Solution File, Format Version 11.00
# Visual Studio 2010
Project("{2150E333-8FDC-42A3-9474-1A3956D46DE8}") = "Solution Items", "Solution Items", "{0EA01604-3ABC-4D00-8724-F7AC70310B2C}"
	ProjectSection(SolutionItems) = preProject
		ContentInjector for WOF.vsmdi = ContentInjector for WOF.vsmdi
		Local.testsettings = Local.testsettings
		TraceAndTestImpact.testsettings = TraceAndTestImpact.testsettings
	EndProjectSection
EndProject
Project("{FAE04EC0-301F-11D3-BF4B-00C04F79EFBC}") = "ContentInjector for WOF", "src\ContentInjector for WOF.csproj", "{25C176AA-DF8C-4CC1-A23F-ADCDA3B66556}"
EndProject
Project("{FAE04EC0-301F-11D3-BF4B-00C04F79EFBC}") = "MvcApplication with WOF", "MvcApplication with WOF\MvcApplication with WOF.csproj", "{4B7E9D79-B0DA-4D31-8D7B-9F4ADE58CCE2}"
EndProject
Global
	GlobalSection(TestCaseManagementSettings) = postSolution
		CategoryFile = ContentInjector for WOF.vsmdi
	EndGlobalSection
	GlobalSection(SolutionConfigurationPlatforms) = preSolution
		Debug|Any CPU = Debug|Any CPU
		Release|Any CPU = Release|Any CPU
	EndGlobalSection
	GlobalSection(ProjectConfigurationPlatforms) = postSolution
		{25C176AA-DF8C-4CC1-A23F-ADCDA3B66556}.Debug|Any CPU.ActiveCfg = Debug|Any CPU
		{25C176AA-DF8C-4CC1-A23F-ADCDA3B66556}.Debug|Any CPU.Build.0 = Debug|Any CPU
		{25C176AA-DF8C-4CC1-A23F-ADCDA3B66556}.Release|Any CPU.ActiveCfg = Release|Any CPU
		{25C176AA-DF8C-4CC1-A23F-ADCDA3B66556}.Release|Any CPU.Build.0 = Release|Any CPU
		{4B7E9D79-B0DA-4D31-8D7B-9F4ADE58CCE2}.Debug|Any CPU.ActiveCfg = Debug|Any CPU
		{4B7E9D79-B0DA-4D31-8D7B-9F4ADE58CCE2}.Debug|Any CPU.Build.0 = Debug|Any CPU
		{4B7E9D79-B0DA-4D31-8D7B-9F4ADE58CCE2}.Release|Any CPU.ActiveCfg = Release|Any CPU
		{4B7E9D79-B0DA-4D31-8D7B-9F4ADE58CCE2}.Release|Any CPU.Build.0 = Release|Any CPU
	EndGlobalSection
	GlobalSection(SolutionProperties) = preSolution
		HideSolutionNode = FALSE
	EndGlobalSection
EndGlobal
